// !$*UTF8*$!
{
	archiveVersion = 1;
	classes = {
	};
	objectVersion = 56;
	objects = {

/* Begin PBXBuildFile section */
		5F1CCA362BF9D5F300288D34 /* EyecatcherApp.swift in Sources */ = {isa = PBXBuildFile; fileRef = 5F1CCA352BF9D5F300288D34 /* EyecatcherApp.swift */; };
		5F1CCA382BF9D5F300288D34 /* ContentView.swift in Sources */ = {isa = PBXBuildFile; fileRef = 5F1CCA372BF9D5F300288D34 /* ContentView.swift */; };
		5F1CCA3A2BF9D5F300288D34 /* Item.swift in Sources */ = {isa = PBXBuildFile; fileRef = 5F1CCA392BF9D5F300288D34 /* Item.swift */; };
		5F1CCA3C2BF9D5F400288D34 /* Assets.xcassets in Resources */ = {isa = PBXBuildFile; fileRef = 5F1CCA3B2BF9D5F400288D34 /* Assets.xcassets */; };
		5F1CCA3F2BF9D5F400288D34 /* Preview Assets.xcassets in Resources */ = {isa = PBXBuildFile; fileRef = 5F1CCA3E2BF9D5F400288D34 /* Preview Assets.xcassets */; };
		5F1CCA492BF9D5F400288D34 /* EyecatcherTests.swift in Sources */ = {isa = PBXBuildFile; fileRef = 5F1CCA482BF9D5F400288D34 /* EyecatcherTests.swift */; };
		5F1CCA532BF9D5F400288D34 /* EyecatcherUITests.swift in Sources */ = {isa = PBXBuildFile; fileRef = 5F1CCA522BF9D5F400288D34 /* EyecatcherUITests.swift */; };
		5F1CCA552BF9D5F400288D34 /* EyecatcherUITestsLaunchTests.swift in Sources */ = {isa = PBXBuildFile; fileRef = 5F1CCA542BF9D5F400288D34 /* EyecatcherUITestsLaunchTests.swift */; };
		5F1CCA622BF9D64100288D34 /* ViewModel.swift in Sources */ = {isa = PBXBuildFile; fileRef = 5F1CCA612BF9D64100288D34 /* ViewModel.swift */; };
		5F1CCA642BF9D66F00288D34 /* ObjectDetection.swift in Sources */ = {isa = PBXBuildFile; fileRef = 5F1CCA632BF9D66F00288D34 /* ObjectDetection.swift */; };
		5F1CCA662BF9D69E00288D34 /* yolov7-tiny.mlmodel in Sources */ = {isa = PBXBuildFile; fileRef = 5F1CCA652BF9D69E00288D34 /* yolov7-tiny.mlmodel */; };
		5F1CCA682BF9D6B400288D34 /* Labeling.swift in Sources */ = {isa = PBXBuildFile; fileRef = 5F1CCA672BF9D6B400288D34 /* Labeling.swift */; };
		5F1CCA6A2BF9D6E900288D34 /* Camera.swift in Sources */ = {isa = PBXBuildFile; fileRef = 5F1CCA692BF9D6E900288D34 /* Camera.swift */; };
		5F1CCA6C2BF9D70F00288D34 /* PhotoView.swift in Sources */ = {isa = PBXBuildFile; fileRef = 5F1CCA6B2BF9D70F00288D34 /* PhotoView.swift */; };
		5F1CCA6E2BF9D73600288D34 /* ViewfinderView.swift in Sources */ = {isa = PBXBuildFile; fileRef = 5F1CCA6D2BF9D73600288D34 /* ViewfinderView.swift */; };
		5F1CCA702BF9D75300288D34 /* CameraView.swift in Sources */ = {isa = PBXBuildFile; fileRef = 5F1CCA6F2BF9D75300288D34 /* CameraView.swift */; };
		5F1CCA722BF9D76B00288D34 /* DataModel.swift in Sources */ = {isa = PBXBuildFile; fileRef = 5F1CCA712BF9D76B00288D34 /* DataModel.swift */; };
		5F1CCA742BF9D78800288D34 /* SpeechManager.swift in Sources */ = {isa = PBXBuildFile; fileRef = 5F1CCA732BF9D78800288D34 /* SpeechManager.swift */; };
		5F1CCA762BF9D7B400288D34 /* Onboarding.swift in Sources */ = {isa = PBXBuildFile; fileRef = 5F1CCA752BF9D7B400288D34 /* Onboarding.swift */; };
		5F1CCA7A2BFA6F3800288D34 /* Photo.swift in Sources */ = {isa = PBXBuildFile; fileRef = 5F1CCA782BFA6F3800288D34 /* Photo.swift */; };
		5F1CCA7B2BFA6F3800288D34 /* Photo.swift in Sources */ = {isa = PBXBuildFile; fileRef = 5F1CCA782BFA6F3800288D34 /* Photo.swift */; };
		5F1CCA7C2BFA6F3800288D34 /* Photo.swift in Sources */ = {isa = PBXBuildFile; fileRef = 5F1CCA782BFA6F3800288D34 /* Photo.swift */; };
		5F1CCA7D2BFA6F3800288D34 /* Category.swift in Sources */ = {isa = PBXBuildFile; fileRef = 5F1CCA792BFA6F3800288D34 /* Category.swift */; };
		5F1CCA7E2BFA6F3800288D34 /* Category.swift in Sources */ = {isa = PBXBuildFile; fileRef = 5F1CCA792BFA6F3800288D34 /* Category.swift */; };
		5F1CCA7F2BFA6F3800288D34 /* Category.swift in Sources */ = {isa = PBXBuildFile; fileRef = 5F1CCA792BFA6F3800288D34 /* Category.swift */; };
/* End PBXBuildFile section */

/* Begin PBXContainerItemProxy section */
		5F1CCA452BF9D5F400288D34 /* PBXContainerItemProxy */ = {
			isa = PBXContainerItemProxy;
			containerPortal = 5F1CCA2A2BF9D5F300288D34 /* Project object */;
			proxyType = 1;
			remoteGlobalIDString = 5F1CCA312BF9D5F300288D34;
			remoteInfo = Eyecatcher;
		};
		5F1CCA4F2BF9D5F400288D34 /* PBXContainerItemProxy */ = {
			isa = PBXContainerItemProxy;
			containerPortal = 5F1CCA2A2BF9D5F300288D34 /* Project object */;
			proxyType = 1;
			remoteGlobalIDString = 5F1CCA312BF9D5F300288D34;
			remoteInfo = Eyecatcher;
		};
/* End PBXContainerItemProxy section */

/* Begin PBXFileReference section */
		5F1CCA322BF9D5F300288D34 /* Eyecatcher.app */ = {isa = PBXFileReference; explicitFileType = wrapper.application; includeInIndex = 0; path = Eyecatcher.app; sourceTree = BUILT_PRODUCTS_DIR; };
		5F1CCA352BF9D5F300288D34 /* EyecatcherApp.swift */ = {isa = PBXFileReference; lastKnownFileType = sourcecode.swift; path = EyecatcherApp.swift; sourceTree = "<group>"; };
		5F1CCA372BF9D5F300288D34 /* ContentView.swift */ = {isa = PBXFileReference; lastKnownFileType = sourcecode.swift; path = ContentView.swift; sourceTree = "<group>"; };
		5F1CCA392BF9D5F300288D34 /* Item.swift */ = {isa = PBXFileReference; lastKnownFileType = sourcecode.swift; path = Item.swift; sourceTree = "<group>"; };
		5F1CCA3B2BF9D5F400288D34 /* Assets.xcassets */ = {isa = PBXFileReference; lastKnownFileType = folder.assetcatalog; path = Assets.xcassets; sourceTree = "<group>"; };
		5F1CCA3E2BF9D5F400288D34 /* Preview Assets.xcassets */ = {isa = PBXFileReference; lastKnownFileType = folder.assetcatalog; path = "Preview Assets.xcassets"; sourceTree = "<group>"; };
		5F1CCA442BF9D5F400288D34 /* EyecatcherTests.xctest */ = {isa = PBXFileReference; explicitFileType = wrapper.cfbundle; includeInIndex = 0; path = EyecatcherTests.xctest; sourceTree = BUILT_PRODUCTS_DIR; };
		5F1CCA482BF9D5F400288D34 /* EyecatcherTests.swift */ = {isa = PBXFileReference; lastKnownFileType = sourcecode.swift; path = EyecatcherTests.swift; sourceTree = "<group>"; };
		5F1CCA4E2BF9D5F400288D34 /* EyecatcherUITests.xctest */ = {isa = PBXFileReference; explicitFileType = wrapper.cfbundle; includeInIndex = 0; path = EyecatcherUITests.xctest; sourceTree = BUILT_PRODUCTS_DIR; };
		5F1CCA522BF9D5F400288D34 /* EyecatcherUITests.swift */ = {isa = PBXFileReference; lastKnownFileType = sourcecode.swift; path = EyecatcherUITests.swift; sourceTree = "<group>"; };
		5F1CCA542BF9D5F400288D34 /* EyecatcherUITestsLaunchTests.swift */ = {isa = PBXFileReference; lastKnownFileType = sourcecode.swift; path = EyecatcherUITestsLaunchTests.swift; sourceTree = "<group>"; };
		5F1CCA612BF9D64100288D34 /* ViewModel.swift */ = {isa = PBXFileReference; lastKnownFileType = sourcecode.swift; path = ViewModel.swift; sourceTree = "<group>"; };
		5F1CCA632BF9D66F00288D34 /* ObjectDetection.swift */ = {isa = PBXFileReference; lastKnownFileType = sourcecode.swift; path = ObjectDetection.swift; sourceTree = "<group>"; };
		5F1CCA652BF9D69E00288D34 /* yolov7-tiny.mlmodel */ = {isa = PBXFileReference; lastKnownFileType = file.mlmodel; path = "yolov7-tiny.mlmodel"; sourceTree = "<group>"; };
		5F1CCA672BF9D6B400288D34 /* Labeling.swift */ = {isa = PBXFileReference; lastKnownFileType = sourcecode.swift; path = Labeling.swift; sourceTree = "<group>"; };
		5F1CCA692BF9D6E900288D34 /* Camera.swift */ = {isa = PBXFileReference; lastKnownFileType = sourcecode.swift; path = Camera.swift; sourceTree = "<group>"; };
		5F1CCA6B2BF9D70F00288D34 /* PhotoView.swift */ = {isa = PBXFileReference; lastKnownFileType = sourcecode.swift; path = PhotoView.swift; sourceTree = "<group>"; };
		5F1CCA6D2BF9D73600288D34 /* ViewfinderView.swift */ = {isa = PBXFileReference; lastKnownFileType = sourcecode.swift; path = ViewfinderView.swift; sourceTree = "<group>"; };
		5F1CCA6F2BF9D75300288D34 /* CameraView.swift */ = {isa = PBXFileReference; lastKnownFileType = sourcecode.swift; path = CameraView.swift; sourceTree = "<group>"; };
		5F1CCA712BF9D76B00288D34 /* DataModel.swift */ = {isa = PBXFileReference; lastKnownFileType = sourcecode.swift; path = DataModel.swift; sourceTree = "<group>"; };
		5F1CCA732BF9D78800288D34 /* SpeechManager.swift */ = {isa = PBXFileReference; lastKnownFileType = sourcecode.swift; path = SpeechManager.swift; sourceTree = "<group>"; };
		5F1CCA752BF9D7B400288D34 /* Onboarding.swift */ = {isa = PBXFileReference; lastKnownFileType = sourcecode.swift; path = Onboarding.swift; sourceTree = "<group>"; };
		5F1CCA772BF9D9EC00288D34 /* Info.plist */ = {isa = PBXFileReference; lastKnownFileType = text.plist; path = Info.plist; sourceTree = "<group>"; };
		5F1CCA782BFA6F3800288D34 /* Photo.swift */ = {isa = PBXFileReference; fileEncoding = 4; lastKnownFileType = sourcecode.swift; path = Photo.swift; sourceTree = "<group>"; };
		5F1CCA792BFA6F3800288D34 /* Category.swift */ = {isa = PBXFileReference; fileEncoding = 4; lastKnownFileType = sourcecode.swift; path = Category.swift; sourceTree = "<group>"; };
/* End PBXFileReference section */

/* Begin PBXFrameworksBuildPhase section */
		5F1CCA2F2BF9D5F300288D34 /* Frameworks */ = {
			isa = PBXFrameworksBuildPhase;
			buildActionMask = 2147483647;
			files = (
			);
			runOnlyForDeploymentPostprocessing = 0;
		};
		5F1CCA412BF9D5F400288D34 /* Frameworks */ = {
			isa = PBXFrameworksBuildPhase;
			buildActionMask = 2147483647;
			files = (
			);
			runOnlyForDeploymentPostprocessing = 0;
		};
		5F1CCA4B2BF9D5F400288D34 /* Frameworks */ = {
			isa = PBXFrameworksBuildPhase;
			buildActionMask = 2147483647;
			files = (
			);
			runOnlyForDeploymentPostprocessing = 0;
		};
/* End PBXFrameworksBuildPhase section */

/* Begin PBXGroup section */
		5F1CCA292BF9D5F300288D34 = {
			isa = PBXGroup;
			children = (
				5F1CCA342BF9D5F300288D34 /* Eyecatcher */,
				5F1CCA472BF9D5F400288D34 /* EyecatcherTests */,
				5F1CCA512BF9D5F400288D34 /* EyecatcherUITests */,
				5F1CCA332BF9D5F300288D34 /* Products */,
			);
			sourceTree = "<group>";
		};
		5F1CCA332BF9D5F300288D34 /* Products */ = {
			isa = PBXGroup;
			children = (
				5F1CCA322BF9D5F300288D34 /* Eyecatcher.app */,
				5F1CCA442BF9D5F400288D34 /* EyecatcherTests.xctest */,
				5F1CCA4E2BF9D5F400288D34 /* EyecatcherUITests.xctest */,
			);
			name = Products;
			sourceTree = "<group>";
		};
		5F1CCA342BF9D5F300288D34 /* Eyecatcher */ = {
			isa = PBXGroup;
			children = (
				5F1CCA802BFA6FFC00288D34 /* SwiftData */,
				5F1CCA772BF9D9EC00288D34 /* Info.plist */,
				5F1CCA752BF9D7B400288D34 /* Onboarding.swift */,
				5F1CCA732BF9D78800288D34 /* SpeechManager.swift */,
				5F1CCA712BF9D76B00288D34 /* DataModel.swift */,
				5F1CCA6F2BF9D75300288D34 /* CameraView.swift */,
				5F1CCA6D2BF9D73600288D34 /* ViewfinderView.swift */,
				5F1CCA6B2BF9D70F00288D34 /* PhotoView.swift */,
				5F1CCA692BF9D6E900288D34 /* Camera.swift */,
				5F1CCA352BF9D5F300288D34 /* EyecatcherApp.swift */,
				5F1CCA372BF9D5F300288D34 /* ContentView.swift */,
				5F1CCA392BF9D5F300288D34 /* Item.swift */,
				5F1CCA3B2BF9D5F400288D34 /* Assets.xcassets */,
				5F1CCA3D2BF9D5F400288D34 /* Preview Content */,
				5F1CCA612BF9D64100288D34 /* ViewModel.swift */,
				5F1CCA632BF9D66F00288D34 /* ObjectDetection.swift */,
				5F1CCA652BF9D69E00288D34 /* yolov7-tiny.mlmodel */,
				5F1CCA672BF9D6B400288D34 /* Labeling.swift */,
			);
			path = Eyecatcher;
			sourceTree = "<group>";
		};
		5F1CCA3D2BF9D5F400288D34 /* Preview Content */ = {
			isa = PBXGroup;
			children = (
				5F1CCA3E2BF9D5F400288D34 /* Preview Assets.xcassets */,
			);
			path = "Preview Content";
			sourceTree = "<group>";
		};
		5F1CCA472BF9D5F400288D34 /* EyecatcherTests */ = {
			isa = PBXGroup;
			children = (
				5F1CCA482BF9D5F400288D34 /* EyecatcherTests.swift */,
			);
			path = EyecatcherTests;
			sourceTree = "<group>";
		};
		5F1CCA512BF9D5F400288D34 /* EyecatcherUITests */ = {
			isa = PBXGroup;
			children = (
				5F1CCA522BF9D5F400288D34 /* EyecatcherUITests.swift */,
				5F1CCA542BF9D5F400288D34 /* EyecatcherUITestsLaunchTests.swift */,
			);
			path = EyecatcherUITests;
			sourceTree = "<group>";
		};
		5F1CCA802BFA6FFC00288D34 /* SwiftData */ = {
			isa = PBXGroup;
			children = (
				5F1CCA792BFA6F3800288D34 /* Category.swift */,
				5F1CCA782BFA6F3800288D34 /* Photo.swift */,
			);
			path = SwiftData;
			sourceTree = "<group>";
		};
/* End PBXGroup section */

/* Begin PBXNativeTarget section */
		5F1CCA312BF9D5F300288D34 /* Eyecatcher */ = {
			isa = PBXNativeTarget;
			buildConfigurationList = 5F1CCA582BF9D5F400288D34 /* Build configuration list for PBXNativeTarget "Eyecatcher" */;
			buildPhases = (
				5F1CCA2E2BF9D5F300288D34 /* Sources */,
				5F1CCA2F2BF9D5F300288D34 /* Frameworks */,
				5F1CCA302BF9D5F300288D34 /* Resources */,
			);
			buildRules = (
			);
			dependencies = (
			);
			name = Eyecatcher;
			productName = Eyecatcher;
			productReference = 5F1CCA322BF9D5F300288D34 /* Eyecatcher.app */;
			productType = "com.apple.product-type.application";
		};
		5F1CCA432BF9D5F400288D34 /* EyecatcherTests */ = {
			isa = PBXNativeTarget;
			buildConfigurationList = 5F1CCA5B2BF9D5F400288D34 /* Build configuration list for PBXNativeTarget "EyecatcherTests" */;
			buildPhases = (
				5F1CCA402BF9D5F400288D34 /* Sources */,
				5F1CCA412BF9D5F400288D34 /* Frameworks */,
				5F1CCA422BF9D5F400288D34 /* Resources */,
			);
			buildRules = (
			);
			dependencies = (
				5F1CCA462BF9D5F400288D34 /* PBXTargetDependency */,
			);
			name = EyecatcherTests;
			productName = EyecatcherTests;
			productReference = 5F1CCA442BF9D5F400288D34 /* EyecatcherTests.xctest */;
			productType = "com.apple.product-type.bundle.unit-test";
		};
		5F1CCA4D2BF9D5F400288D34 /* EyecatcherUITests */ = {
			isa = PBXNativeTarget;
			buildConfigurationList = 5F1CCA5E2BF9D5F400288D34 /* Build configuration list for PBXNativeTarget "EyecatcherUITests" */;
			buildPhases = (
				5F1CCA4A2BF9D5F400288D34 /* Sources */,
				5F1CCA4B2BF9D5F400288D34 /* Frameworks */,
				5F1CCA4C2BF9D5F400288D34 /* Resources */,
			);
			buildRules = (
			);
			dependencies = (
				5F1CCA502BF9D5F400288D34 /* PBXTargetDependency */,
			);
			name = EyecatcherUITests;
			productName = EyecatcherUITests;
			productReference = 5F1CCA4E2BF9D5F400288D34 /* EyecatcherUITests.xctest */;
			productType = "com.apple.product-type.bundle.ui-testing";
		};
/* End PBXNativeTarget section */

/* Begin PBXProject section */
		5F1CCA2A2BF9D5F300288D34 /* Project object */ = {
			isa = PBXProject;
			attributes = {
				BuildIndependentTargetsInParallel = 1;
				LastSwiftUpdateCheck = 1530;
				LastUpgradeCheck = 1530;
				TargetAttributes = {
					5F1CCA312BF9D5F300288D34 = {
						CreatedOnToolsVersion = 15.3;
					};
					5F1CCA432BF9D5F400288D34 = {
						CreatedOnToolsVersion = 15.3;
						TestTargetID = 5F1CCA312BF9D5F300288D34;
					};
					5F1CCA4D2BF9D5F400288D34 = {
						CreatedOnToolsVersion = 15.3;
						TestTargetID = 5F1CCA312BF9D5F300288D34;
					};
				};
			};
			buildConfigurationList = 5F1CCA2D2BF9D5F300288D34 /* Build configuration list for PBXProject "Eyecatcher" */;
			compatibilityVersion = "Xcode 14.0";
			developmentRegion = en;
			hasScannedForEncodings = 0;
			knownRegions = (
				en,
				Base,
			);
			mainGroup = 5F1CCA292BF9D5F300288D34;
			productRefGroup = 5F1CCA332BF9D5F300288D34 /* Products */;
			projectDirPath = "";
			projectRoot = "";
			targets = (
				5F1CCA312BF9D5F300288D34 /* Eyecatcher */,
				5F1CCA432BF9D5F400288D34 /* EyecatcherTests */,
				5F1CCA4D2BF9D5F400288D34 /* EyecatcherUITests */,
			);
		};
/* End PBXProject section */

/* Begin PBXResourcesBuildPhase section */
		5F1CCA302BF9D5F300288D34 /* Resources */ = {
			isa = PBXResourcesBuildPhase;
			buildActionMask = 2147483647;
			files = (
				5F1CCA3F2BF9D5F400288D34 /* Preview Assets.xcassets in Resources */,
				5F1CCA3C2BF9D5F400288D34 /* Assets.xcassets in Resources */,
			);
			runOnlyForDeploymentPostprocessing = 0;
		};
		5F1CCA422BF9D5F400288D34 /* Resources */ = {
			isa = PBXResourcesBuildPhase;
			buildActionMask = 2147483647;
			files = (
			);
			runOnlyForDeploymentPostprocessing = 0;
		};
		5F1CCA4C2BF9D5F400288D34 /* Resources */ = {
			isa = PBXResourcesBuildPhase;
			buildActionMask = 2147483647;
			files = (
			);
			runOnlyForDeploymentPostprocessing = 0;
		};
/* End PBXResourcesBuildPhase section */

/* Begin PBXSourcesBuildPhase section */
		5F1CCA2E2BF9D5F300288D34 /* Sources */ = {
			isa = PBXSourcesBuildPhase;
			buildActionMask = 2147483647;
			files = (
				5F1CCA6A2BF9D6E900288D34 /* Camera.swift in Sources */,
				5F1CCA662BF9D69E00288D34 /* yolov7-tiny.mlmodel in Sources */,
				5F1CCA382BF9D5F300288D34 /* ContentView.swift in Sources */,
				5F1CCA6E2BF9D73600288D34 /* ViewfinderView.swift in Sources */,
				5F1CCA6C2BF9D70F00288D34 /* PhotoView.swift in Sources */,
				5F1CCA722BF9D76B00288D34 /* DataModel.swift in Sources */,
				5F1CCA3A2BF9D5F300288D34 /* Item.swift in Sources */,
				5F1CCA7D2BFA6F3800288D34 /* Category.swift in Sources */,
				5F1CCA642BF9D66F00288D34 /* ObjectDetection.swift in Sources */,
				5F1CCA742BF9D78800288D34 /* SpeechManager.swift in Sources */,
				5F1CCA7A2BFA6F3800288D34 /* Photo.swift in Sources */,
				5F1CCA702BF9D75300288D34 /* CameraView.swift in Sources */,
				5F1CCA762BF9D7B400288D34 /* Onboarding.swift in Sources */,
				5F1CCA682BF9D6B400288D34 /* Labeling.swift in Sources */,
				5F1CCA622BF9D64100288D34 /* ViewModel.swift in Sources */,
				5F1CCA362BF9D5F300288D34 /* EyecatcherApp.swift in Sources */,
			);
			runOnlyForDeploymentPostprocessing = 0;
		};
		5F1CCA402BF9D5F400288D34 /* Sources */ = {
			isa = PBXSourcesBuildPhase;
			buildActionMask = 2147483647;
			files = (
				5F1CCA7B2BFA6F3800288D34 /* Photo.swift in Sources */,
				5F1CCA492BF9D5F400288D34 /* EyecatcherTests.swift in Sources */,
				5F1CCA7E2BFA6F3800288D34 /* Category.swift in Sources */,
			);
			runOnlyForDeploymentPostprocessing = 0;
		};
		5F1CCA4A2BF9D5F400288D34 /* Sources */ = {
			isa = PBXSourcesBuildPhase;
			buildActionMask = 2147483647;
			files = (
				5F1CCA7C2BFA6F3800288D34 /* Photo.swift in Sources */,
				5F1CCA532BF9D5F400288D34 /* EyecatcherUITests.swift in Sources */,
				5F1CCA552BF9D5F400288D34 /* EyecatcherUITestsLaunchTests.swift in Sources */,
				5F1CCA7F2BFA6F3800288D34 /* Category.swift in Sources */,
			);
			runOnlyForDeploymentPostprocessing = 0;
		};
/* End PBXSourcesBuildPhase section */

/* Begin PBXTargetDependency section */
		5F1CCA462BF9D5F400288D34 /* PBXTargetDependency */ = {
			isa = PBXTargetDependency;
			target = 5F1CCA312BF9D5F300288D34 /* Eyecatcher */;
			targetProxy = 5F1CCA452BF9D5F400288D34 /* PBXContainerItemProxy */;
		};
		5F1CCA502BF9D5F400288D34 /* PBXTargetDependency */ = {
			isa = PBXTargetDependency;
			target = 5F1CCA312BF9D5F300288D34 /* Eyecatcher */;
			targetProxy = 5F1CCA4F2BF9D5F400288D34 /* PBXContainerItemProxy */;
		};
/* End PBXTargetDependency section */

/* Begin XCBuildConfiguration section */
		5F1CCA562BF9D5F400288D34 /* Debug */ = {
			isa = XCBuildConfiguration;
			buildSettings = {
				ALWAYS_SEARCH_USER_PATHS = NO;
				ASSETCATALOG_COMPILER_GENERATE_SWIFT_ASSET_SYMBOL_EXTENSIONS = YES;
				CLANG_ANALYZER_NONNULL = YES;
				CLANG_ANALYZER_NUMBER_OBJECT_CONVERSION = YES_AGGRESSIVE;
				CLANG_CXX_LANGUAGE_STANDARD = "gnu++20";
				CLANG_ENABLE_MODULES = YES;
				CLANG_ENABLE_OBJC_ARC = YES;
				CLANG_ENABLE_OBJC_WEAK = YES;
				CLANG_WARN_BLOCK_CAPTURE_AUTORELEASING = YES;
				CLANG_WARN_BOOL_CONVERSION = YES;
				CLANG_WARN_COMMA = YES;
				CLANG_WARN_CONSTANT_CONVERSION = YES;
				CLANG_WARN_DEPRECATED_OBJC_IMPLEMENTATIONS = YES;
				CLANG_WARN_DIRECT_OBJC_ISA_USAGE = YES_ERROR;
				CLANG_WARN_DOCUMENTATION_COMMENTS = YES;
				CLANG_WARN_EMPTY_BODY = YES;
				CLANG_WARN_ENUM_CONVERSION = YES;
				CLANG_WARN_INFINITE_RECURSION = YES;
				CLANG_WARN_INT_CONVERSION = YES;
				CLANG_WARN_NON_LITERAL_NULL_CONVERSION = YES;
				CLANG_WARN_OBJC_IMPLICIT_RETAIN_SELF = YES;
				CLANG_WARN_OBJC_LITERAL_CONVERSION = YES;
				CLANG_WARN_OBJC_ROOT_CLASS = YES_ERROR;
				CLANG_WARN_QUOTED_INCLUDE_IN_FRAMEWORK_HEADER = YES;
				CLANG_WARN_RANGE_LOOP_ANALYSIS = YES;
				CLANG_WARN_STRICT_PROTOTYPES = YES;
				CLANG_WARN_SUSPICIOUS_MOVE = YES;
				CLANG_WARN_UNGUARDED_AVAILABILITY = YES_AGGRESSIVE;
				CLANG_WARN_UNREACHABLE_CODE = YES;
				CLANG_WARN__DUPLICATE_METHOD_MATCH = YES;
				COPY_PHASE_STRIP = NO;
				DEBUG_INFORMATION_FORMAT = dwarf;
				ENABLE_STRICT_OBJC_MSGSEND = YES;
				ENABLE_TESTABILITY = YES;
				ENABLE_USER_SCRIPT_SANDBOXING = YES;
				GCC_C_LANGUAGE_STANDARD = gnu17;
				GCC_DYNAMIC_NO_PIC = NO;
				GCC_NO_COMMON_BLOCKS = YES;
				GCC_OPTIMIZATION_LEVEL = 0;
				GCC_PREPROCESSOR_DEFINITIONS = (
					"DEBUG=1",
					"$(inherited)",
				);
				GCC_WARN_64_TO_32_BIT_CONVERSION = YES;
				GCC_WARN_ABOUT_RETURN_TYPE = YES_ERROR;
				GCC_WARN_UNDECLARED_SELECTOR = YES;
				GCC_WARN_UNINITIALIZED_AUTOS = YES_AGGRESSIVE;
				GCC_WARN_UNUSED_FUNCTION = YES;
				GCC_WARN_UNUSED_VARIABLE = YES;
				IPHONEOS_DEPLOYMENT_TARGET = 17.4;
				LOCALIZATION_PREFERS_STRING_CATALOGS = YES;
				MTL_ENABLE_DEBUG_INFO = INCLUDE_SOURCE;
				MTL_FAST_MATH = YES;
				ONLY_ACTIVE_ARCH = YES;
				SDKROOT = iphoneos;
				SWIFT_ACTIVE_COMPILATION_CONDITIONS = "DEBUG $(inherited)";
				SWIFT_OPTIMIZATION_LEVEL = "-Onone";
			};
			name = Debug;
		};
		5F1CCA572BF9D5F400288D34 /* Release */ = {
			isa = XCBuildConfiguration;
			buildSettings = {
				ALWAYS_SEARCH_USER_PATHS = NO;
				ASSETCATALOG_COMPILER_GENERATE_SWIFT_ASSET_SYMBOL_EXTENSIONS = YES;
				CLANG_ANALYZER_NONNULL = YES;
				CLANG_ANALYZER_NUMBER_OBJECT_CONVERSION = YES_AGGRESSIVE;
				CLANG_CXX_LANGUAGE_STANDARD = "gnu++20";
				CLANG_ENABLE_MODULES = YES;
				CLANG_ENABLE_OBJC_ARC = YES;
				CLANG_ENABLE_OBJC_WEAK = YES;
				CLANG_WARN_BLOCK_CAPTURE_AUTORELEASING = YES;
				CLANG_WARN_BOOL_CONVERSION = YES;
				CLANG_WARN_COMMA = YES;
				CLANG_WARN_CONSTANT_CONVERSION = YES;
				CLANG_WARN_DEPRECATED_OBJC_IMPLEMENTATIONS = YES;
				CLANG_WARN_DIRECT_OBJC_ISA_USAGE = YES_ERROR;
				CLANG_WARN_DOCUMENTATION_COMMENTS = YES;
				CLANG_WARN_EMPTY_BODY = YES;
				CLANG_WARN_ENUM_CONVERSION = YES;
				CLANG_WARN_INFINITE_RECURSION = YES;
				CLANG_WARN_INT_CONVERSION = YES;
				CLANG_WARN_NON_LITERAL_NULL_CONVERSION = YES;
				CLANG_WARN_OBJC_IMPLICIT_RETAIN_SELF = YES;
				CLANG_WARN_OBJC_LITERAL_CONVERSION = YES;
				CLANG_WARN_OBJC_ROOT_CLASS = YES_ERROR;
				CLANG_WARN_QUOTED_INCLUDE_IN_FRAMEWORK_HEADER = YES;
				CLANG_WARN_RANGE_LOOP_ANALYSIS = YES;
				CLANG_WARN_STRICT_PROTOTYPES = YES;
				CLANG_WARN_SUSPICIOUS_MOVE = YES;
				CLANG_WARN_UNGUARDED_AVAILABILITY = YES_AGGRESSIVE;
				CLANG_WARN_UNREACHABLE_CODE = YES;
				CLANG_WARN__DUPLICATE_METHOD_MATCH = YES;
				COPY_PHASE_STRIP = NO;
				DEBUG_INFORMATION_FORMAT = "dwarf-with-dsym";
				ENABLE_NS_ASSERTIONS = NO;
				ENABLE_STRICT_OBJC_MSGSEND = YES;
				ENABLE_USER_SCRIPT_SANDBOXING = YES;
				GCC_C_LANGUAGE_STANDARD = gnu17;
				GCC_NO_COMMON_BLOCKS = YES;
				GCC_WARN_64_TO_32_BIT_CONVERSION = YES;
				GCC_WARN_ABOUT_RETURN_TYPE = YES_ERROR;
				GCC_WARN_UNDECLARED_SELECTOR = YES;
				GCC_WARN_UNINITIALIZED_AUTOS = YES_AGGRESSIVE;
				GCC_WARN_UNUSED_FUNCTION = YES;
				GCC_WARN_UNUSED_VARIABLE = YES;
				IPHONEOS_DEPLOYMENT_TARGET = 17.4;
				LOCALIZATION_PREFERS_STRING_CATALOGS = YES;
				MTL_ENABLE_DEBUG_INFO = NO;
				MTL_FAST_MATH = YES;
				SDKROOT = iphoneos;
				SWIFT_COMPILATION_MODE = wholemodule;
				VALIDATE_PRODUCT = YES;
			};
			name = Release;
		};
		5F1CCA592BF9D5F400288D34 /* Debug */ = {
			isa = XCBuildConfiguration;
			buildSettings = {
				ASSETCATALOG_COMPILER_APPICON_NAME = AppIcon;
				ASSETCATALOG_COMPILER_GLOBAL_ACCENT_COLOR_NAME = AccentColor;
				CODE_SIGN_IDENTITY = "Apple Development";
				CODE_SIGN_STYLE = Automatic;
				CURRENT_PROJECT_VERSION = 5;
				DEVELOPMENT_ASSET_PATHS = "\"Eyecatcher/Preview Content\"";
				DEVELOPMENT_TEAM = J7U6D4Q249;
				ENABLE_PREVIEWS = YES;
				GENERATE_INFOPLIST_FILE = YES;
				INFOPLIST_FILE = Eyecatcher/Info.plist;
				INFOPLIST_KEY_CFBundleDisplayName = Eyecatcher;
				INFOPLIST_KEY_LSApplicationCategoryType = "public.app-category.education";
				INFOPLIST_KEY_NSCameraUsageDescription = "Camera capture is used as input to the object detection model in order to produce the results.";
				INFOPLIST_KEY_NSPhotoLibraryAddUsageDescription = "Used to Save taken photos to your photo library";
				INFOPLIST_KEY_NSSpeechRecognitionUsageDescription = "This app requires access to speech recognition to provide voice feedback";
				INFOPLIST_KEY_UIApplicationSceneManifest_Generation = YES;
				INFOPLIST_KEY_UIApplicationSupportsIndirectInputEvents = YES;
				INFOPLIST_KEY_UILaunchScreen_Generation = YES;
				INFOPLIST_KEY_UIRequiresFullScreen = NO;
				INFOPLIST_KEY_UISupportedInterfaceOrientations_iPad = "UIInterfaceOrientationPortrait UIInterfaceOrientationPortraitUpsideDown UIInterfaceOrientationLandscapeLeft UIInterfaceOrientationLandscapeRight";
				INFOPLIST_KEY_UISupportedInterfaceOrientations_iPhone = "UIInterfaceOrientationPortrait UIInterfaceOrientationLandscapeLeft UIInterfaceOrientationLandscapeRight";
				IPHONEOS_DEPLOYMENT_TARGET = 17.5;
				LD_RUNPATH_SEARCH_PATHS = (
					"$(inherited)",
					"@executable_path/Frameworks",
				);
				MARKETING_VERSION = 1.0.1;
				PRODUCT_BUNDLE_IDENTIFIER = "Sara-AlGwuaifli.Eyecatcher";
				PRODUCT_NAME = "$(TARGET_NAME)";
				PROVISIONING_PROFILE_SPECIFIER = "";
				SWIFT_EMIT_LOC_STRINGS = YES;
				SWIFT_VERSION = 5.0;
				TARGETED_DEVICE_FAMILY = "1,2";
			};
			name = Debug;
		};
		5F1CCA5A2BF9D5F400288D34 /* Release */ = {
			isa = XCBuildConfiguration;
			buildSettings = {
				ASSETCATALOG_COMPILER_APPICON_NAME = AppIcon;
				ASSETCATALOG_COMPILER_GLOBAL_ACCENT_COLOR_NAME = AccentColor;
				CODE_SIGN_STYLE = Automatic;
				CURRENT_PROJECT_VERSION = 5;
				DEVELOPMENT_ASSET_PATHS = "\"Eyecatcher/Preview Content\"";
				DEVELOPMENT_TEAM = J7U6D4Q249;
				ENABLE_PREVIEWS = YES;
				GENERATE_INFOPLIST_FILE = YES;
				INFOPLIST_FILE = Eyecatcher/Info.plist;
				INFOPLIST_KEY_CFBundleDisplayName = Eyecatcher;
				INFOPLIST_KEY_LSApplicationCategoryType = "public.app-category.education";
				INFOPLIST_KEY_NSCameraUsageDescription = "Camera capture is used as input to the object detection model in order to produce the results.";
				INFOPLIST_KEY_NSPhotoLibraryAddUsageDescription = "Used to Save taken photos to your photo library";
				INFOPLIST_KEY_NSSpeechRecognitionUsageDescription = "This app requires access to speech recognition to provide voice feedback";
				INFOPLIST_KEY_UIApplicationSceneManifest_Generation = YES;
				INFOPLIST_KEY_UIApplicationSupportsIndirectInputEvents = YES;
				INFOPLIST_KEY_UILaunchScreen_Generation = YES;
				INFOPLIST_KEY_UIRequiresFullScreen = NO;
				INFOPLIST_KEY_UISupportedInterfaceOrientations_iPad = "UIInterfaceOrientationPortrait UIInterfaceOrientationPortraitUpsideDown UIInterfaceOrientationLandscapeLeft UIInterfaceOrientationLandscapeRight";
				INFOPLIST_KEY_UISupportedInterfaceOrientations_iPhone = "UIInterfaceOrientationPortrait UIInterfaceOrientationLandscapeLeft UIInterfaceOrientationLandscapeRight";
				IPHONEOS_DEPLOYMENT_TARGET = 17.5;
				LD_RUNPATH_SEARCH_PATHS = (
					"$(inherited)",
					"@executable_path/Frameworks",
				);
				MARKETING_VERSION = 1.0.1;
				PRODUCT_BUNDLE_IDENTIFIER = "Sara-AlGwuaifli.Eyecatcher";
				PRODUCT_NAME = "$(TARGET_NAME)";
				SWIFT_EMIT_LOC_STRINGS = YES;
				SWIFT_VERSION = 5.0;
				TARGETED_DEVICE_FAMILY = "1,2";
			};
			name = Release;
		};
		5F1CCA5C2BF9D5F400288D34 /* Debug */ = {
			isa = XCBuildConfiguration;
			buildSettings = {
				ALWAYS_EMBED_SWIFT_STANDARD_LIBRARIES = YES;
				BUNDLE_LOADER = "$(TEST_HOST)";
				CODE_SIGN_STYLE = Automatic;
				CURRENT_PROJECT_VERSION = 1;
				DEVELOPMENT_TEAM = J7U6D4Q249;
				GENERATE_INFOPLIST_FILE = YES;
				IPHONEOS_DEPLOYMENT_TARGET = 17.4;
				MARKETING_VERSION = 1.0;
				PRODUCT_BUNDLE_IDENTIFIER = "Sara-AlGwuaifli.EyecatcherTests";
				PRODUCT_NAME = "$(TARGET_NAME)";
				SWIFT_EMIT_LOC_STRINGS = NO;
				SWIFT_VERSION = 5.0;
				TARGETED_DEVICE_FAMILY = "1,2";
				TEST_HOST = "$(BUILT_PRODUCTS_DIR)/Eyecatcher.app/$(BUNDLE_EXECUTABLE_FOLDER_PATH)/Eyecatcher";
			};
			name = Debug;
		};
		5F1CCA5D2BF9D5F400288D34 /* Release */ = {
			isa = XCBuildConfiguration;
			buildSettings = {
				ALWAYS_EMBED_SWIFT_STANDARD_LIBRARIES = YES;
				BUNDLE_LOADER = "$(TEST_HOST)";
				CODE_SIGN_STYLE = Automatic;
				CURRENT_PROJECT_VERSION = 1;
				DEVELOPMENT_TEAM = J7U6D4Q249;
				GENERATE_INFOPLIST_FILE = YES;
				IPHONEOS_DEPLOYMENT_TARGET = 17.4;
				MARKETING_VERSION = 1.0;
				PRODUCT_BUNDLE_IDENTIFIER = "Sara-AlGwuaifli.EyecatcherTests";
				PRODUCT_NAME = "$(TARGET_NAME)";
				SWIFT_EMIT_LOC_STRINGS = NO;
				SWIFT_VERSION = 5.0;
				TARGETED_DEVICE_FAMILY = "1,2";
				TEST_HOST = "$(BUILT_PRODUCTS_DIR)/Eyecatcher.app/$(BUNDLE_EXECUTABLE_FOLDER_PATH)/Eyecatcher";
			};
			name = Release;
		};
		5F1CCA5F2BF9D5F400288D34 /* Debug */ = {
			isa = XCBuildConfiguration;
			buildSettings = {
				ALWAYS_EMBED_SWIFT_STANDARD_LIBRARIES = YES;
				CODE_SIGN_STYLE = Automatic;
				CURRENT_PROJECT_VERSION = 1;
				DEVELOPMENT_TEAM = J7U6D4Q249;
				GENERATE_INFOPLIST_FILE = YES;
				MARKETING_VERSION = 1.0;
				PRODUCT_BUNDLE_IDENTIFIER = "Sara-AlGwuaifli.EyecatcherUITests";
				PRODUCT_NAME = "$(TARGET_NAME)";
				SWIFT_EMIT_LOC_STRINGS = NO;
				SWIFT_VERSION = 5.0;
				TARGETED_DEVICE_FAMILY = "1,2";
				TEST_TARGET_NAME = Eyecatcher;
			};
			name = Debug;
		};
		5F1CCA602BF9D5F400288D34 /* Release */ = {
			isa = XCBuildConfiguration;
			buildSettings = {
				ALWAYS_EMBED_SWIFT_STANDARD_LIBRARIES = YES;
				CODE_SIGN_STYLE = Automatic;
				CURRENT_PROJECT_VERSION = 1;
				DEVELOPMENT_TEAM = J7U6D4Q249;
				GENERATE_INFOPLIST_FILE = YES;
				MARKETING_VERSION = 1.0;
				PRODUCT_BUNDLE_IDENTIFIER = "Sara-AlGwuaifli.EyecatcherUITests";
				PRODUCT_NAME = "$(TARGET_NAME)";
				SWIFT_EMIT_LOC_STRINGS = NO;
				SWIFT_VERSION = 5.0;
				TARGETED_DEVICE_FAMILY = "1,2";
				TEST_TARGET_NAME = Eyecatcher;
			};
			name = Release;
		};
/* End XCBuildConfiguration section */

/* Begin XCConfigurationList section */
		5F1CCA2D2BF9D5F300288D34 /* Build configuration list for PBXProject "Eyecatcher" */ = {
			isa = XCConfigurationList;
			buildConfigurations = (
				5F1CCA562BF9D5F400288D34 /* Debug */,
				5F1CCA572BF9D5F400288D34 /* Release */,
			);
			defaultConfigurationIsVisible = 0;
			defaultConfigurationName = Release;
		};
		5F1CCA582BF9D5F400288D34 /* Build configuration list for PBXNativeTarget "Eyecatcher" */ = {
			isa = XCConfigurationList;
			buildConfigurations = (
				5F1CCA592BF9D5F400288D34 /* Debug */,
				5F1CCA5A2BF9D5F400288D34 /* Release */,
			);
			defaultConfigurationIsVisible = 0;
			defaultConfigurationName = Release;
		};
		5F1CCA5B2BF9D5F400288D34 /* Build configuration list for PBXNativeTarget "EyecatcherTests" */ = {
			isa = XCConfigurationList;
			buildConfigurations = (
				5F1CCA5C2BF9D5F400288D34 /* Debug */,
				5F1CCA5D2BF9D5F400288D34 /* Release */,
			);
			defaultConfigurationIsVisible = 0;
			defaultConfigurationName = Release;
		};
		5F1CCA5E2BF9D5F400288D34 /* Build configuration list for PBXNativeTarget "EyecatcherUITests" */ = {
			isa = XCConfigurationList;
			buildConfigurations = (
				5F1CCA5F2BF9D5F400288D34 /* Debug */,
				5F1CCA602BF9D5F400288D34 /* Release */,
			);
			defaultConfigurationIsVisible = 0;
			defaultConfigurationName = Release;
		};
/* End XCConfigurationList section */
	};
	rootObject = 5F1CCA2A2BF9D5F300288D34 /* Project object */;
}
